// !$*UTF8*$!
{
	archiveVersion = 1;
	classes = {
	};
	objectVersion = 56;
	objects = {

/* Begin PBXBuildFile section */
		C3007C812B728754009B208D /* TLButton.swift in Sources */ = {isa = PBXBuildFile; fileRef = C3007C802B728754009B208D /* TLButton.swift */; };
		C3908AE52B702B860058C868 /* ToDoCallerApp.swift in Sources */ = {isa = PBXBuildFile; fileRef = C3908AE42B702B860058C868 /* ToDoCallerApp.swift */; };
		C3908AE72B702B860058C868 /* MainView.swift in Sources */ = {isa = PBXBuildFile; fileRef = C3908AE62B702B860058C868 /* MainView.swift */; };
		C3908AE92B702B870058C868 /* Assets.xcassets in Resources */ = {isa = PBXBuildFile; fileRef = C3908AE82B702B870058C868 /* Assets.xcassets */; };
		C3908AEC2B702B870058C868 /* Preview Assets.xcassets in Resources */ = {isa = PBXBuildFile; fileRef = C3908AEB2B702B870058C868 /* Preview Assets.xcassets */; };
		C3908AF62B702B870058C868 /* ToDoCallerTests.swift in Sources */ = {isa = PBXBuildFile; fileRef = C3908AF52B702B870058C868 /* ToDoCallerTests.swift */; };
		C3908B002B702B870058C868 /* ToDoCallerUITests.swift in Sources */ = {isa = PBXBuildFile; fileRef = C3908AFF2B702B870058C868 /* ToDoCallerUITests.swift */; };
		C3908B022B702B870058C868 /* ToDoCallerUITestsLaunchTests.swift in Sources */ = {isa = PBXBuildFile; fileRef = C3908B012B702B870058C868 /* ToDoCallerUITestsLaunchTests.swift */; };
		C3908B102B7034760058C868 /* FirebaseAuth in Frameworks */ = {isa = PBXBuildFile; productRef = C3908B0F2B7034760058C868 /* FirebaseAuth */; };
		C3908B122B7034760058C868 /* FirebaseFirestore in Frameworks */ = {isa = PBXBuildFile; productRef = C3908B112B7034760058C868 /* FirebaseFirestore */; };
		C3908B142B7034760058C868 /* FirebaseFirestoreSwift in Frameworks */ = {isa = PBXBuildFile; productRef = C3908B132B7034760058C868 /* FirebaseFirestoreSwift */; };
		C3908B162B703C6D0058C868 /* GoogleService-Info.plist in Resources */ = {isa = PBXBuildFile; fileRef = C3908B152B703C6D0058C868 /* GoogleService-Info.plist */; };
		C3908B1C2B704ACF0058C868 /* ProfileView.swift in Sources */ = {isa = PBXBuildFile; fileRef = C3908B1B2B704ACF0058C868 /* ProfileView.swift */; };
		C3908B1E2B704B1A0058C868 /* ToDoListItemsView.swift in Sources */ = {isa = PBXBuildFile; fileRef = C3908B1D2B704B1A0058C868 /* ToDoListItemsView.swift */; };
		C3908B202B704B560058C868 /* NewItemView.swift in Sources */ = {isa = PBXBuildFile; fileRef = C3908B1F2B704B560058C868 /* NewItemView.swift */; };
		C3908B222B704B640058C868 /* RegisterView.swift in Sources */ = {isa = PBXBuildFile; fileRef = C3908B212B704B640058C868 /* RegisterView.swift */; };
		C3908B242B704B6E0058C868 /* LoginView.swift in Sources */ = {isa = PBXBuildFile; fileRef = C3908B232B704B6E0058C868 /* LoginView.swift */; };
		C3908B262B704B900058C868 /* ToDoListView.swift in Sources */ = {isa = PBXBuildFile; fileRef = C3908B252B704B900058C868 /* ToDoListView.swift */; };
		C3908B282B7054950058C868 /* User.swift in Sources */ = {isa = PBXBuildFile; fileRef = C3908B272B7054950058C868 /* User.swift */; };
		C3908B2A2B7054B00058C868 /* ToDoModels.swift in Sources */ = {isa = PBXBuildFile; fileRef = C3908B292B7054B00058C868 /* ToDoModels.swift */; };
		C3908B2C2B7055E00058C868 /* MainViewModel.swift in Sources */ = {isa = PBXBuildFile; fileRef = C3908B2B2B7055E00058C868 /* MainViewModel.swift */; };
		C3908B2E2B7056170058C868 /* ProfileViewViewModel.swift in Sources */ = {isa = PBXBuildFile; fileRef = C3908B2D2B7056170058C868 /* ProfileViewViewModel.swift */; };
		C3908B302B7056510058C868 /* ToDoListViewModel.swift in Sources */ = {isa = PBXBuildFile; fileRef = C3908B2F2B7056510058C868 /* ToDoListViewModel.swift */; };
		C3908B322B7056610058C868 /* NewItemViewModel.swift in Sources */ = {isa = PBXBuildFile; fileRef = C3908B312B7056610058C868 /* NewItemViewModel.swift */; };
		C3908B342B7056820058C868 /* RegisterViewModel.swift in Sources */ = {isa = PBXBuildFile; fileRef = C3908B332B7056820058C868 /* RegisterViewModel.swift */; };
		C3A61F8F2B70A44D00289C94 /* HeaderView.swift in Sources */ = {isa = PBXBuildFile; fileRef = C3A61F8E2B70A44D00289C94 /* HeaderView.swift */; };
/* End PBXBuildFile section */

/* Begin PBXContainerItemProxy section */
		C3908AF22B702B870058C868 /* PBXContainerItemProxy */ = {
			isa = PBXContainerItemProxy;
			containerPortal = C3908AD92B702B860058C868 /* Project object */;
			proxyType = 1;
			remoteGlobalIDString = C3908AE02B702B860058C868;
			remoteInfo = ToDoCaller;
		};
		C3908AFC2B702B870058C868 /* PBXContainerItemProxy */ = {
			isa = PBXContainerItemProxy;
			containerPortal = C3908AD92B702B860058C868 /* Project object */;
			proxyType = 1;
			remoteGlobalIDString = C3908AE02B702B860058C868;
			remoteInfo = ToDoCaller;
		};
/* End PBXContainerItemProxy section */

/* Begin PBXFileReference section */
		C3007C802B728754009B208D /* TLButton.swift */ = {isa = PBXFileReference; lastKnownFileType = sourcecode.swift; path = TLButton.swift; sourceTree = "<group>"; };
		C3908AE12B702B860058C868 /* ToDoCaller.app */ = {isa = PBXFileReference; explicitFileType = wrapper.application; includeInIndex = 0; path = ToDoCaller.app; sourceTree = BUILT_PRODUCTS_DIR; };
		C3908AE42B702B860058C868 /* ToDoCallerApp.swift */ = {isa = PBXFileReference; lastKnownFileType = sourcecode.swift; path = ToDoCallerApp.swift; sourceTree = "<group>"; };
		C3908AE62B702B860058C868 /* MainView.swift */ = {isa = PBXFileReference; lastKnownFileType = sourcecode.swift; path = MainView.swift; sourceTree = "<group>"; };
		C3908AE82B702B870058C868 /* Assets.xcassets */ = {isa = PBXFileReference; lastKnownFileType = folder.assetcatalog; path = Assets.xcassets; sourceTree = "<group>"; };
		C3908AEB2B702B870058C868 /* Preview Assets.xcassets */ = {isa = PBXFileReference; lastKnownFileType = folder.assetcatalog; path = "Preview Assets.xcassets"; sourceTree = "<group>"; };
		C3908AF12B702B870058C868 /* ToDoCallerTests.xctest */ = {isa = PBXFileReference; explicitFileType = wrapper.cfbundle; includeInIndex = 0; path = ToDoCallerTests.xctest; sourceTree = BUILT_PRODUCTS_DIR; };
		C3908AF52B702B870058C868 /* ToDoCallerTests.swift */ = {isa = PBXFileReference; lastKnownFileType = sourcecode.swift; path = ToDoCallerTests.swift; sourceTree = "<group>"; };
		C3908AFB2B702B870058C868 /* ToDoCallerUITests.xctest */ = {isa = PBXFileReference; explicitFileType = wrapper.cfbundle; includeInIndex = 0; path = ToDoCallerUITests.xctest; sourceTree = BUILT_PRODUCTS_DIR; };
		C3908AFF2B702B870058C868 /* ToDoCallerUITests.swift */ = {isa = PBXFileReference; lastKnownFileType = sourcecode.swift; path = ToDoCallerUITests.swift; sourceTree = "<group>"; };
		C3908B012B702B870058C868 /* ToDoCallerUITestsLaunchTests.swift */ = {isa = PBXFileReference; lastKnownFileType = sourcecode.swift; path = ToDoCallerUITestsLaunchTests.swift; sourceTree = "<group>"; };
		C3908B152B703C6D0058C868 /* GoogleService-Info.plist */ = {isa = PBXFileReference; fileEncoding = 4; lastKnownFileType = text.plist.xml; path = "GoogleService-Info.plist"; sourceTree = "<group>"; };
		C3908B1B2B704ACF0058C868 /* ProfileView.swift */ = {isa = PBXFileReference; lastKnownFileType = sourcecode.swift; path = ProfileView.swift; sourceTree = "<group>"; };
		C3908B1D2B704B1A0058C868 /* ToDoListItemsView.swift */ = {isa = PBXFileReference; lastKnownFileType = sourcecode.swift; path = ToDoListItemsView.swift; sourceTree = "<group>"; };
		C3908B1F2B704B560058C868 /* NewItemView.swift */ = {isa = PBXFileReference; lastKnownFileType = sourcecode.swift; path = NewItemView.swift; sourceTree = "<group>"; };
		C3908B212B704B640058C868 /* RegisterView.swift */ = {isa = PBXFileReference; lastKnownFileType = sourcecode.swift; path = RegisterView.swift; sourceTree = "<group>"; };
		C3908B232B704B6E0058C868 /* LoginView.swift */ = {isa = PBXFileReference; lastKnownFileType = sourcecode.swift; path = LoginView.swift; sourceTree = "<group>"; };
		C3908B252B704B900058C868 /* ToDoListView.swift */ = {isa = PBXFileReference; lastKnownFileType = sourcecode.swift; path = ToDoListView.swift; sourceTree = "<group>"; };
		C3908B272B7054950058C868 /* User.swift */ = {isa = PBXFileReference; lastKnownFileType = sourcecode.swift; path = User.swift; sourceTree = "<group>"; };
		C3908B292B7054B00058C868 /* ToDoModels.swift */ = {isa = PBXFileReference; lastKnownFileType = sourcecode.swift; path = ToDoModels.swift; sourceTree = "<group>"; };
		C3908B2B2B7055E00058C868 /* MainViewModel.swift */ = {isa = PBXFileReference; lastKnownFileType = sourcecode.swift; path = MainViewModel.swift; sourceTree = "<group>"; };
		C3908B2D2B7056170058C868 /* ProfileViewViewModel.swift */ = {isa = PBXFileReference; lastKnownFileType = sourcecode.swift; path = ProfileViewViewModel.swift; sourceTree = "<group>"; };
		C3908B2F2B7056510058C868 /* ToDoListViewModel.swift */ = {isa = PBXFileReference; lastKnownFileType = sourcecode.swift; path = ToDoListViewModel.swift; sourceTree = "<group>"; };
		C3908B312B7056610058C868 /* NewItemViewModel.swift */ = {isa = PBXFileReference; lastKnownFileType = sourcecode.swift; path = NewItemViewModel.swift; sourceTree = "<group>"; };
		C3908B332B7056820058C868 /* RegisterViewModel.swift */ = {isa = PBXFileReference; lastKnownFileType = sourcecode.swift; path = RegisterViewModel.swift; sourceTree = "<group>"; };
		C3A61F8E2B70A44D00289C94 /* HeaderView.swift */ = {isa = PBXFileReference; lastKnownFileType = sourcecode.swift; path = HeaderView.swift; sourceTree = "<group>"; };
/* End PBXFileReference section */

/* Begin PBXFrameworksBuildPhase section */
		C3908ADE2B702B860058C868 /* Frameworks */ = {
			isa = PBXFrameworksBuildPhase;
			buildActionMask = 2147483647;
			files = (
				C3908B102B7034760058C868 /* FirebaseAuth in Frameworks */,
				C3908B122B7034760058C868 /* FirebaseFirestore in Frameworks */,
				C3908B142B7034760058C868 /* FirebaseFirestoreSwift in Frameworks */,
			);
			runOnlyForDeploymentPostprocessing = 0;
		};
		C3908AEE2B702B870058C868 /* Frameworks */ = {
			isa = PBXFrameworksBuildPhase;
			buildActionMask = 2147483647;
			files = (
			);
			runOnlyForDeploymentPostprocessing = 0;
		};
		C3908AF82B702B870058C868 /* Frameworks */ = {
			isa = PBXFrameworksBuildPhase;
			buildActionMask = 2147483647;
			files = (
			);
			runOnlyForDeploymentPostprocessing = 0;
		};
/* End PBXFrameworksBuildPhase section */

/* Begin PBXGroup section */
		C3908AD82B702B860058C868 = {
			isa = PBXGroup;
			children = (
				C3908AE32B702B860058C868 /* ToDoCaller */,
				C3908AF42B702B870058C868 /* ToDoCallerTests */,
				C3908AFE2B702B870058C868 /* ToDoCallerUITests */,
				C3908AE22B702B860058C868 /* Products */,
			);
			sourceTree = "<group>";
		};
		C3908AE22B702B860058C868 /* Products */ = {
			isa = PBXGroup;
			children = (
				C3908AE12B702B860058C868 /* ToDoCaller.app */,
				C3908AF12B702B870058C868 /* ToDoCallerTests.xctest */,
				C3908AFB2B702B870058C868 /* ToDoCallerUITests.xctest */,
			);
			name = Products;
			sourceTree = "<group>";
		};
		C3908AE32B702B860058C868 /* ToDoCaller */ = {
			isa = PBXGroup;
			children = (
				C3908B172B70422F0058C868 /* Other */,
				C3908B182B7042460058C868 /* Views */,
				C3908B1A2B7042A30058C868 /* Models */,
				C3908B192B70429A0058C868 /* ViewModels */,
				C3908AEA2B702B870058C868 /* Preview Content */,
			);
			path = ToDoCaller;
			sourceTree = "<group>";
		};
		C3908AEA2B702B870058C868 /* Preview Content */ = {
			isa = PBXGroup;
			children = (
				C3908AEB2B702B870058C868 /* Preview Assets.xcassets */,
			);
			path = "Preview Content";
			sourceTree = "<group>";
		};
		C3908AF42B702B870058C868 /* ToDoCallerTests */ = {
			isa = PBXGroup;
			children = (
				C3908AF52B702B870058C868 /* ToDoCallerTests.swift */,
			);
			path = ToDoCallerTests;
			sourceTree = "<group>";
		};
		C3908AFE2B702B870058C868 /* ToDoCallerUITests */ = {
			isa = PBXGroup;
			children = (
				C3908AFF2B702B870058C868 /* ToDoCallerUITests.swift */,
				C3908B012B702B870058C868 /* ToDoCallerUITestsLaunchTests.swift */,
			);
			path = ToDoCallerUITests;
			sourceTree = "<group>";
		};
		C3908B172B70422F0058C868 /* Other */ = {
			isa = PBXGroup;
			children = (
				C3908AE82B702B870058C868 /* Assets.xcassets */,
				C3908AE42B702B860058C868 /* ToDoCallerApp.swift */,
				C3908B152B703C6D0058C868 /* GoogleService-Info.plist */,
			);
			path = Other;
			sourceTree = "<group>";
		};
		C3908B182B7042460058C868 /* Views */ = {
			isa = PBXGroup;
			children = (
				C3908AE62B702B860058C868 /* MainView.swift */,
				C3908B212B704B640058C868 /* RegisterView.swift */,
				C3908B232B704B6E0058C868 /* LoginView.swift */,
				C3908B1B2B704ACF0058C868 /* ProfileView.swift */,
				C3908B1F2B704B560058C868 /* NewItemView.swift */,
				C3908B252B704B900058C868 /* ToDoListView.swift */,
				C3908B1D2B704B1A0058C868 /* ToDoListItemsView.swift */,
				C3A61F8E2B70A44D00289C94 /* HeaderView.swift */,
				C3007C802B728754009B208D /* TLButton.swift */,
			);
			path = Views;
			sourceTree = "<group>";
		};
		C3908B192B70429A0058C868 /* ViewModels */ = {
			isa = PBXGroup;
			children = (
				C3908B2B2B7055E00058C868 /* MainViewModel.swift */,
				C3908B2D2B7056170058C868 /* ProfileViewViewModel.swift */,
				C3908B2F2B7056510058C868 /* ToDoListViewModel.swift */,
				C3908B312B7056610058C868 /* NewItemViewModel.swift */,
				C3908B332B7056820058C868 /* RegisterViewModel.swift */,
			);
			path = ViewModels;
			sourceTree = "<group>";
		};
		C3908B1A2B7042A30058C868 /* Models */ = {
			isa = PBXGroup;
			children = (
				C3908B272B7054950058C868 /* User.swift */,
				C3908B292B7054B00058C868 /* ToDoModels.swift */,
			);
			path = Models;
			sourceTree = "<group>";
		};
/* End PBXGroup section */

/* Begin PBXNativeTarget section */
		C3908AE02B702B860058C868 /* ToDoCaller */ = {
			isa = PBXNativeTarget;
			buildConfigurationList = C3908B052B702B870058C868 /* Build configuration list for PBXNativeTarget "ToDoCaller" */;
			buildPhases = (
				C3908ADD2B702B860058C868 /* Sources */,
				C3908ADE2B702B860058C868 /* Frameworks */,
				C3908ADF2B702B860058C868 /* Resources */,
			);
			buildRules = (
			);
			dependencies = (
			);
			name = ToDoCaller;
			packageProductDependencies = (
				C3908B0F2B7034760058C868 /* FirebaseAuth */,
				C3908B112B7034760058C868 /* FirebaseFirestore */,
				C3908B132B7034760058C868 /* FirebaseFirestoreSwift */,
			);
			productName = ToDoCaller;
			productReference = C3908AE12B702B860058C868 /* ToDoCaller.app */;
			productType = "com.apple.product-type.application";
		};
		C3908AF02B702B870058C868 /* ToDoCallerTests */ = {
			isa = PBXNativeTarget;
			buildConfigurationList = C3908B082B702B870058C868 /* Build configuration list for PBXNativeTarget "ToDoCallerTests" */;
			buildPhases = (
				C3908AED2B702B870058C868 /* Sources */,
				C3908AEE2B702B870058C868 /* Frameworks */,
				C3908AEF2B702B870058C868 /* Resources */,
			);
			buildRules = (
			);
			dependencies = (
				C3908AF32B702B870058C868 /* PBXTargetDependency */,
			);
			name = ToDoCallerTests;
			productName = ToDoCallerTests;
			productReference = C3908AF12B702B870058C868 /* ToDoCallerTests.xctest */;
			productType = "com.apple.product-type.bundle.unit-test";
		};
		C3908AFA2B702B870058C868 /* ToDoCallerUITests */ = {
			isa = PBXNativeTarget;
			buildConfigurationList = C3908B0B2B702B870058C868 /* Build configuration list for PBXNativeTarget "ToDoCallerUITests" */;
			buildPhases = (
				C3908AF72B702B870058C868 /* Sources */,
				C3908AF82B702B870058C868 /* Frameworks */,
				C3908AF92B702B870058C868 /* Resources */,
			);
			buildRules = (
			);
			dependencies = (
				C3908AFD2B702B870058C868 /* PBXTargetDependency */,
			);
			name = ToDoCallerUITests;
			productName = ToDoCallerUITests;
			productReference = C3908AFB2B702B870058C868 /* ToDoCallerUITests.xctest */;
			productType = "com.apple.product-type.bundle.ui-testing";
		};
/* End PBXNativeTarget section */

/* Begin PBXProject section */
		C3908AD92B702B860058C868 /* Project object */ = {
			isa = PBXProject;
			attributes = {
				BuildIndependentTargetsInParallel = 1;
				LastSwiftUpdateCheck = 1500;
				LastUpgradeCheck = 1500;
				TargetAttributes = {
					C3908AE02B702B860058C868 = {
						CreatedOnToolsVersion = 15.0.1;
					};
					C3908AF02B702B870058C868 = {
						CreatedOnToolsVersion = 15.0.1;
						TestTargetID = C3908AE02B702B860058C868;
					};
					C3908AFA2B702B870058C868 = {
						CreatedOnToolsVersion = 15.0.1;
						TestTargetID = C3908AE02B702B860058C868;
					};
				};
			};
			buildConfigurationList = C3908ADC2B702B860058C868 /* Build configuration list for PBXProject "ToDoCaller" */;
			compatibilityVersion = "Xcode 14.0";
			developmentRegion = en;
			hasScannedForEncodings = 0;
			knownRegions = (
				en,
				Base,
			);
			mainGroup = C3908AD82B702B860058C868;
			packageReferences = (
				C3908B0E2B7034760058C868 /* XCRemoteSwiftPackageReference "firebase-ios-sdk" */,
			);
			productRefGroup = C3908AE22B702B860058C868 /* Products */;
			projectDirPath = "";
			projectRoot = "";
			targets = (
				C3908AE02B702B860058C868 /* ToDoCaller */,
				C3908AF02B702B870058C868 /* ToDoCallerTests */,
				C3908AFA2B702B870058C868 /* ToDoCallerUITests */,
			);
		};
/* End PBXProject section */

/* Begin PBXResourcesBuildPhase section */
		C3908ADF2B702B860058C868 /* Resources */ = {
			isa = PBXResourcesBuildPhase;
			buildActionMask = 2147483647;
			files = (
				C3908AEC2B702B870058C868 /* Preview Assets.xcassets in Resources */,
				C3908AE92B702B870058C868 /* Assets.xcassets in Resources */,
				C3908B162B703C6D0058C868 /* GoogleService-Info.plist in Resources */,
			);
			runOnlyForDeploymentPostprocessing = 0;
		};
		C3908AEF2B702B870058C868 /* Resources */ = {
			isa = PBXResourcesBuildPhase;
			buildActionMask = 2147483647;
			files = (
			);
			runOnlyForDeploymentPostprocessing = 0;
		};
		C3908AF92B702B870058C868 /* Resources */ = {
			isa = PBXResourcesBuildPhase;
			buildActionMask = 2147483647;
			files = (
			);
			runOnlyForDeploymentPostprocessing = 0;
		};
/* End PBXResourcesBuildPhase section */

/* Begin PBXSourcesBuildPhase section */
		C3908ADD2B702B860058C868 /* Sources */ = {
			isa = PBXSourcesBuildPhase;
			buildActionMask = 2147483647;
			files = (
				C3908AE72B702B860058C868 /* MainView.swift in Sources */,
				C3908B342B7056820058C868 /* RegisterViewModel.swift in Sources */,
				C3908B2A2B7054B00058C868 /* ToDoModels.swift in Sources */,
				C3908B242B704B6E0058C868 /* LoginView.swift in Sources */,
				C3908B262B704B900058C868 /* ToDoListView.swift in Sources */,
				C3908B1E2B704B1A0058C868 /* ToDoListItemsView.swift in Sources */,
				C3908B2E2B7056170058C868 /* ProfileViewViewModel.swift in Sources */,
				C3908B1C2B704ACF0058C868 /* ProfileView.swift in Sources */,
				C3908B282B7054950058C868 /* User.swift in Sources */,
				C3908B322B7056610058C868 /* NewItemViewModel.swift in Sources */,
				C3007C812B728754009B208D /* TLButton.swift in Sources */,
				C3908B222B704B640058C868 /* RegisterView.swift in Sources */,
				C3908AE52B702B860058C868 /* ToDoCallerApp.swift in Sources */,
				C3908B302B7056510058C868 /* ToDoListViewModel.swift in Sources */,
				C3908B202B704B560058C868 /* NewItemView.swift in Sources */,
				C3908B2C2B7055E00058C868 /* MainViewModel.swift in Sources */,
				C3A61F8F2B70A44D00289C94 /* HeaderView.swift in Sources */,
			);
			runOnlyForDeploymentPostprocessing = 0;
		};
		C3908AED2B702B870058C868 /* Sources */ = {
			isa = PBXSourcesBuildPhase;
			buildActionMask = 2147483647;
			files = (
				C3908AF62B702B870058C868 /* ToDoCallerTests.swift in Sources */,
			);
			runOnlyForDeploymentPostprocessing = 0;
		};
		C3908AF72B702B870058C868 /* Sources */ = {
			isa = PBXSourcesBuildPhase;
			buildActionMask = 2147483647;
			files = (
				C3908B002B702B870058C868 /* ToDoCallerUITests.swift in Sources */,
				C3908B022B702B870058C868 /* ToDoCallerUITestsLaunchTests.swift in Sources */,
			);
			runOnlyForDeploymentPostprocessing = 0;
		};
/* End PBXSourcesBuildPhase section */

/* Begin PBXTargetDependency section */
		C3908AF32B702B870058C868 /* PBXTargetDependency */ = {
			isa = PBXTargetDependency;
			target = C3908AE02B702B860058C868 /* ToDoCaller */;
			targetProxy = C3908AF22B702B870058C868 /* PBXContainerItemProxy */;
		};
		C3908AFD2B702B870058C868 /* PBXTargetDependency */ = {
			isa = PBXTargetDependency;
			target = C3908AE02B702B860058C868 /* ToDoCaller */;
			targetProxy = C3908AFC2B702B870058C868 /* PBXContainerItemProxy */;
		};
/* End PBXTargetDependency section */

/* Begin XCBuildConfiguration section */
		C3908B032B702B870058C868 /* Debug */ = {
			isa = XCBuildConfiguration;
			buildSettings = {
				ALWAYS_SEARCH_USER_PATHS = NO;
				ASSETCATALOG_COMPILER_GENERATE_SWIFT_ASSET_SYMBOL_EXTENSIONS = YES;
				CLANG_ANALYZER_NONNULL = YES;
				CLANG_ANALYZER_NUMBER_OBJECT_CONVERSION = YES_AGGRESSIVE;
				CLANG_CXX_LANGUAGE_STANDARD = "gnu++20";
				CLANG_ENABLE_MODULES = YES;
				CLANG_ENABLE_OBJC_ARC = YES;
				CLANG_ENABLE_OBJC_WEAK = YES;
				CLANG_WARN_BLOCK_CAPTURE_AUTORELEASING = YES;
				CLANG_WARN_BOOL_CONVERSION = YES;
				CLANG_WARN_COMMA = YES;
				CLANG_WARN_CONSTANT_CONVERSION = YES;
				CLANG_WARN_DEPRECATED_OBJC_IMPLEMENTATIONS = YES;
				CLANG_WARN_DIRECT_OBJC_ISA_USAGE = YES_ERROR;
				CLANG_WARN_DOCUMENTATION_COMMENTS = YES;
				CLANG_WARN_EMPTY_BODY = YES;
				CLANG_WARN_ENUM_CONVERSION = YES;
				CLANG_WARN_INFINITE_RECURSION = YES;
				CLANG_WARN_INT_CONVERSION = YES;
				CLANG_WARN_NON_LITERAL_NULL_CONVERSION = YES;
				CLANG_WARN_OBJC_IMPLICIT_RETAIN_SELF = YES;
				CLANG_WARN_OBJC_LITERAL_CONVERSION = YES;
				CLANG_WARN_OBJC_ROOT_CLASS = YES_ERROR;
				CLANG_WARN_QUOTED_INCLUDE_IN_FRAMEWORK_HEADER = YES;
				CLANG_WARN_RANGE_LOOP_ANALYSIS = YES;
				CLANG_WARN_STRICT_PROTOTYPES = YES;
				CLANG_WARN_SUSPICIOUS_MOVE = YES;
				CLANG_WARN_UNGUARDED_AVAILABILITY = YES_AGGRESSIVE;
				CLANG_WARN_UNREACHABLE_CODE = YES;
				CLANG_WARN__DUPLICATE_METHOD_MATCH = YES;
				COPY_PHASE_STRIP = NO;
				DEBUG_INFORMATION_FORMAT = dwarf;
				ENABLE_STRICT_OBJC_MSGSEND = YES;
				ENABLE_TESTABILITY = YES;
				ENABLE_USER_SCRIPT_SANDBOXING = YES;
				GCC_C_LANGUAGE_STANDARD = gnu17;
				GCC_DYNAMIC_NO_PIC = NO;
				GCC_NO_COMMON_BLOCKS = YES;
				GCC_OPTIMIZATION_LEVEL = 0;
				GCC_PREPROCESSOR_DEFINITIONS = (
					"DEBUG=1",
					"$(inherited)",
				);
				GCC_WARN_64_TO_32_BIT_CONVERSION = YES;
				GCC_WARN_ABOUT_RETURN_TYPE = YES_ERROR;
				GCC_WARN_UNDECLARED_SELECTOR = YES;
				GCC_WARN_UNINITIALIZED_AUTOS = YES_AGGRESSIVE;
				GCC_WARN_UNUSED_FUNCTION = YES;
				GCC_WARN_UNUSED_VARIABLE = YES;
				IPHONEOS_DEPLOYMENT_TARGET = 17.0;
				LOCALIZATION_PREFERS_STRING_CATALOGS = YES;
				MTL_ENABLE_DEBUG_INFO = INCLUDE_SOURCE;
				MTL_FAST_MATH = YES;
				ONLY_ACTIVE_ARCH = YES;
				SDKROOT = iphoneos;
				SWIFT_ACTIVE_COMPILATION_CONDITIONS = "DEBUG $(inherited)";
				SWIFT_OPTIMIZATION_LEVEL = "-Onone";
			};
			name = Debug;
		};
		C3908B042B702B870058C868 /* Release */ = {
			isa = XCBuildConfiguration;
			buildSettings = {
				ALWAYS_SEARCH_USER_PATHS = NO;
				ASSETCATALOG_COMPILER_GENERATE_SWIFT_ASSET_SYMBOL_EXTENSIONS = YES;
				CLANG_ANALYZER_NONNULL = YES;
				CLANG_ANALYZER_NUMBER_OBJECT_CONVERSION = YES_AGGRESSIVE;
				CLANG_CXX_LANGUAGE_STANDARD = "gnu++20";
				CLANG_ENABLE_MODULES = YES;
				CLANG_ENABLE_OBJC_ARC = YES;
				CLANG_ENABLE_OBJC_WEAK = YES;
				CLANG_WARN_BLOCK_CAPTURE_AUTORELEASING = YES;
				CLANG_WARN_BOOL_CONVERSION = YES;
				CLANG_WARN_COMMA = YES;
				CLANG_WARN_CONSTANT_CONVERSION = YES;
				CLANG_WARN_DEPRECATED_OBJC_IMPLEMENTATIONS = YES;
				CLANG_WARN_DIRECT_OBJC_ISA_USAGE = YES_ERROR;
				CLANG_WARN_DOCUMENTATION_COMMENTS = YES;
				CLANG_WARN_EMPTY_BODY = YES;
				CLANG_WARN_ENUM_CONVERSION = YES;
				CLANG_WARN_INFINITE_RECURSION = YES;
				CLANG_WARN_INT_CONVERSION = YES;
				CLANG_WARN_NON_LITERAL_NULL_CONVERSION = YES;
				CLANG_WARN_OBJC_IMPLICIT_RETAIN_SELF = YES;
				CLANG_WARN_OBJC_LITERAL_CONVERSION = YES;
				CLANG_WARN_OBJC_ROOT_CLASS = YES_ERROR;
				CLANG_WARN_QUOTED_INCLUDE_IN_FRAMEWORK_HEADER = YES;
				CLANG_WARN_RANGE_LOOP_ANALYSIS = YES;
				CLANG_WARN_STRICT_PROTOTYPES = YES;
				CLANG_WARN_SUSPICIOUS_MOVE = YES;
				CLANG_WARN_UNGUARDED_AVAILABILITY = YES_AGGRESSIVE;
				CLANG_WARN_UNREACHABLE_CODE = YES;
				CLANG_WARN__DUPLICATE_METHOD_MATCH = YES;
				COPY_PHASE_STRIP = NO;
				DEBUG_INFORMATION_FORMAT = "dwarf-with-dsym";
				ENABLE_NS_ASSERTIONS = NO;
				ENABLE_STRICT_OBJC_MSGSEND = YES;
				ENABLE_USER_SCRIPT_SANDBOXING = YES;
				GCC_C_LANGUAGE_STANDARD = gnu17;
				GCC_NO_COMMON_BLOCKS = YES;
				GCC_WARN_64_TO_32_BIT_CONVERSION = YES;
				GCC_WARN_ABOUT_RETURN_TYPE = YES_ERROR;
				GCC_WARN_UNDECLARED_SELECTOR = YES;
				GCC_WARN_UNINITIALIZED_AUTOS = YES_AGGRESSIVE;
				GCC_WARN_UNUSED_FUNCTION = YES;
				GCC_WARN_UNUSED_VARIABLE = YES;
				IPHONEOS_DEPLOYMENT_TARGET = 17.0;
				LOCALIZATION_PREFERS_STRING_CATALOGS = YES;
				MTL_ENABLE_DEBUG_INFO = NO;
				MTL_FAST_MATH = YES;
				SDKROOT = iphoneos;
				SWIFT_COMPILATION_MODE = wholemodule;
				VALIDATE_PRODUCT = YES;
			};
			name = Release;
		};
		C3908B062B702B870058C868 /* Debug */ = {
			isa = XCBuildConfiguration;
			buildSettings = {
				ASSETCATALOG_COMPILER_APPICON_NAME = AppIcon;
				ASSETCATALOG_COMPILER_GLOBAL_ACCENT_COLOR_NAME = AccentColor;
				CODE_SIGN_STYLE = Automatic;
				CURRENT_PROJECT_VERSION = 1;
				DEVELOPMENT_ASSET_PATHS = "\"ToDoCaller/Preview Content\"";
				DEVELOPMENT_TEAM = 67Z58QAU33;
				ENABLE_PREVIEWS = YES;
				GENERATE_INFOPLIST_FILE = YES;
				INFOPLIST_KEY_CFBundleDisplayName = ToDoCaller;
				INFOPLIST_KEY_UIApplicationSceneManifest_Generation = YES;
				INFOPLIST_KEY_UIApplicationSupportsIndirectInputEvents = YES;
				INFOPLIST_KEY_UILaunchScreen_Generation = YES;
				INFOPLIST_KEY_UISupportedInterfaceOrientations = UIInterfaceOrientationPortrait;
				LD_RUNPATH_SEARCH_PATHS = (
					"$(inherited)",
					"@executable_path/Frameworks",
				);
				MARKETING_VERSION = 1.0;
				PRODUCT_BUNDLE_IDENTIFIER = com.emreozturk.ToDoCaller;
				PRODUCT_NAME = "$(TARGET_NAME)";
				SWIFT_EMIT_LOC_STRINGS = YES;
				SWIFT_VERSION = 5.0;
				TARGETED_DEVICE_FAMILY = "1,2";
			};
			name = Debug;
		};
		C3908B072B702B870058C868 /* Release */ = {
			isa = XCBuildConfiguration;
			buildSettings = {
				ASSETCATALOG_COMPILER_APPICON_NAME = AppIcon;
				ASSETCATALOG_COMPILER_GLOBAL_ACCENT_COLOR_NAME = AccentColor;
				CODE_SIGN_STYLE = Automatic;
				CURRENT_PROJECT_VERSION = 1;
				DEVELOPMENT_ASSET_PATHS = "\"ToDoCaller/Preview Content\"";
				DEVELOPMENT_TEAM = 67Z58QAU33;
				ENABLE_PREVIEWS = YES;
				GENERATE_INFOPLIST_FILE = YES;
				INFOPLIST_KEY_CFBundleDisplayName = ToDoCaller;
				INFOPLIST_KEY_UIApplicationSceneManifest_Generation = YES;
				INFOPLIST_KEY_UIApplicationSupportsIndirectInputEvents = YES;
				INFOPLIST_KEY_UILaunchScreen_Generation = YES;
				INFOPLIST_KEY_UISupportedInterfaceOrientations = UIInterfaceOrientationPortrait;
				LD_RUNPATH_SEARCH_PATHS = (
					"$(inherited)",
					"@executable_path/Frameworks",
				);
				MARKETING_VERSION = 1.0;
				PRODUCT_BUNDLE_IDENTIFIER = com.emreozturk.ToDoCaller;
				PRODUCT_NAME = "$(TARGET_NAME)";
				SWIFT_EMIT_LOC_STRINGS = YES;
				SWIFT_VERSION = 5.0;
				TARGETED_DEVICE_FAMILY = "1,2";
			};
			name = Release;
		};
		C3908B092B702B870058C868 /* Debug */ = {
			isa = XCBuildConfiguration;
			buildSettings = {
				ALWAYS_EMBED_SWIFT_STANDARD_LIBRARIES = YES;
				BUNDLE_LOADER = "$(TEST_HOST)";
				CODE_SIGN_STYLE = Automatic;
				CURRENT_PROJECT_VERSION = 1;
				GENERATE_INFOPLIST_FILE = YES;
				IPHONEOS_DEPLOYMENT_TARGET = 17.0;
				MARKETING_VERSION = 1.0;
				PRODUCT_BUNDLE_IDENTIFIER = com.emreozturk.ToDoCallerTests;
				PRODUCT_NAME = "$(TARGET_NAME)";
				SWIFT_EMIT_LOC_STRINGS = NO;
				SWIFT_VERSION = 5.0;
				TARGETED_DEVICE_FAMILY = "1,2";
				TEST_HOST = "$(BUILT_PRODUCTS_DIR)/ToDoCaller.app/$(BUNDLE_EXECUTABLE_FOLDER_PATH)/ToDoCaller";
			};
			name = Debug;
		};
		C3908B0A2B702B870058C868 /* Release */ = {
			isa = XCBuildConfiguration;
			buildSettings = {
				ALWAYS_EMBED_SWIFT_STANDARD_LIBRARIES = YES;
				BUNDLE_LOADER = "$(TEST_HOST)";
				CODE_SIGN_STYLE = Automatic;
				CURRENT_PROJECT_VERSION = 1;
				GENERATE_INFOPLIST_FILE = YES;
				IPHONEOS_DEPLOYMENT_TARGET = 17.0;
				MARKETING_VERSION = 1.0;
				PRODUCT_BUNDLE_IDENTIFIER = com.emreozturk.ToDoCallerTests;
				PRODUCT_NAME = "$(TARGET_NAME)";
				SWIFT_EMIT_LOC_STRINGS = NO;
				SWIFT_VERSION = 5.0;
				TARGETED_DEVICE_FAMILY = "1,2";
				TEST_HOST = "$(BUILT_PRODUCTS_DIR)/ToDoCaller.app/$(BUNDLE_EXECUTABLE_FOLDER_PATH)/ToDoCaller";
			};
			name = Release;
		};
		C3908B0C2B702B870058C868 /* Debug */ = {
			isa = XCBuildConfiguration;
			buildSettings = {
				ALWAYS_EMBED_SWIFT_STANDARD_LIBRARIES = YES;
				CODE_SIGN_STYLE = Automatic;
				CURRENT_PROJECT_VERSION = 1;
				GENERATE_INFOPLIST_FILE = YES;
				MARKETING_VERSION = 1.0;
				PRODUCT_BUNDLE_IDENTIFIER = com.emreozturk.ToDoCallerUITests;
				PRODUCT_NAME = "$(TARGET_NAME)";
				SWIFT_EMIT_LOC_STRINGS = NO;
				SWIFT_VERSION = 5.0;
				TARGETED_DEVICE_FAMILY = "1,2";
				TEST_TARGET_NAME = ToDoCaller;
			};
			name = Debug;
		};
		C3908B0D2B702B870058C868 /* Release */ = {
			isa = XCBuildConfiguration;
			buildSettings = {
				ALWAYS_EMBED_SWIFT_STANDARD_LIBRARIES = YES;
				CODE_SIGN_STYLE = Automatic;
				CURRENT_PROJECT_VERSION = 1;
				GENERATE_INFOPLIST_FILE = YES;
				MARKETING_VERSION = 1.0;
				PRODUCT_BUNDLE_IDENTIFIER = com.emreozturk.ToDoCallerUITests;
				PRODUCT_NAME = "$(TARGET_NAME)";
				SWIFT_EMIT_LOC_STRINGS = NO;
				SWIFT_VERSION = 5.0;
				TARGETED_DEVICE_FAMILY = "1,2";
				TEST_TARGET_NAME = ToDoCaller;
			};
			name = Release;
		};
/* End XCBuildConfiguration section */

/* Begin XCConfigurationList section */
		C3908ADC2B702B860058C868 /* Build configuration list for PBXProject "ToDoCaller" */ = {
			isa = XCConfigurationList;
			buildConfigurations = (
				C3908B032B702B870058C868 /* Debug */,
				C3908B042B702B870058C868 /* Release */,
			);
			defaultConfigurationIsVisible = 0;
			defaultConfigurationName = Release;
		};
		C3908B052B702B870058C868 /* Build configuration list for PBXNativeTarget "ToDoCaller" */ = {
			isa = XCConfigurationList;
			buildConfigurations = (
				C3908B062B702B870058C868 /* Debug */,
				C3908B072B702B870058C868 /* Release */,
			);
			defaultConfigurationIsVisible = 0;
			defaultConfigurationName = Release;
		};
		C3908B082B702B870058C868 /* Build configuration list for PBXNativeTarget "ToDoCallerTests" */ = {
			isa = XCConfigurationList;
			buildConfigurations = (
				C3908B092B702B870058C868 /* Debug */,
				C3908B0A2B702B870058C868 /* Release */,
			);
			defaultConfigurationIsVisible = 0;
			defaultConfigurationName = Release;
		};
		C3908B0B2B702B870058C868 /* Build configuration list for PBXNativeTarget "ToDoCallerUITests" */ = {
			isa = XCConfigurationList;
			buildConfigurations = (
				C3908B0C2B702B870058C868 /* Debug */,
				C3908B0D2B702B870058C868 /* Release */,
			);
			defaultConfigurationIsVisible = 0;
			defaultConfigurationName = Release;
		};
/* End XCConfigurationList section */

/* Begin XCRemoteSwiftPackageReference section */
		C3908B0E2B7034760058C868 /* XCRemoteSwiftPackageReference "firebase-ios-sdk" */ = {
			isa = XCRemoteSwiftPackageReference;
			repositoryURL = "https://github.com/firebase/firebase-ios-sdk";
			requirement = {
				kind = upToNextMajorVersion;
				minimumVersion = 10.20.0;
			};
		};
/* End XCRemoteSwiftPackageReference section */

/* Begin XCSwiftPackageProductDependency section */
		C3908B0F2B7034760058C868 /* FirebaseAuth */ = {
			isa = XCSwiftPackageProductDependency;
			package = C3908B0E2B7034760058C868 /* XCRemoteSwiftPackageReference "firebase-ios-sdk" */;
			productName = FirebaseAuth;
		};
		C3908B112B7034760058C868 /* FirebaseFirestore */ = {
			isa = XCSwiftPackageProductDependency;
			package = C3908B0E2B7034760058C868 /* XCRemoteSwiftPackageReference "firebase-ios-sdk" */;
			productName = FirebaseFirestore;
		};
		C3908B132B7034760058C868 /* FirebaseFirestoreSwift */ = {
			isa = XCSwiftPackageProductDependency;
			package = C3908B0E2B7034760058C868 /* XCRemoteSwiftPackageReference "firebase-ios-sdk" */;
			productName = FirebaseFirestoreSwift;
		};
/* End XCSwiftPackageProductDependency section */
	};
	rootObject = C3908AD92B702B860058C868 /* Project object */;
}
